// !$*UTF8*$!
{
	archiveVersion = 1;
	classes = {
	};
	objectVersion = 55;
	objects = {

/* Begin PBXBuildFile section */
		14030FA22874783100E9018B /* MockURLSession.swift in Sources */ = {isa = PBXBuildFile; fileRef = 14030FA12874783100E9018B /* MockURLSession.swift */; };
		14030FA528747AD100E9018B /* URLSessionProtocol.swift in Sources */ = {isa = PBXBuildFile; fileRef = 14030FA428747AD100E9018B /* URLSessionProtocol.swift */; };
		14030FA9287496A600E9018B /* MasterViewModelTests.swift in Sources */ = {isa = PBXBuildFile; fileRef = 14030FA8287496A600E9018B /* MasterViewModelTests.swift */; };
		14030FAB287496FD00E9018B /* NetworkServiceMock.swift in Sources */ = {isa = PBXBuildFile; fileRef = 14030FAA287496FD00E9018B /* NetworkServiceMock.swift */; };
		14030FAE2874B32500E9018B /* AppConfiguration.swift in Sources */ = {isa = PBXBuildFile; fileRef = 14030FAD2874B32500E9018B /* AppConfiguration.swift */; };
		14030FB02874B3C200E9018B /* UITestNetworkServiceMock.swift in Sources */ = {isa = PBXBuildFile; fileRef = 14030FAF2874B3C200E9018B /* UITestNetworkServiceMock.swift */; };
		14030FB12874B62800E9018B /* AppConfiguration.swift in Sources */ = {isa = PBXBuildFile; fileRef = 14030FAD2874B32500E9018B /* AppConfiguration.swift */; };
		143EE95E28739D240050EB17 /* ActivityIndicator.swift in Sources */ = {isa = PBXBuildFile; fileRef = 143EE95D28739D240050EB17 /* ActivityIndicator.swift */; };
		14BA5063286E3BDD0052ACE3 /* IceAndFireApp.swift in Sources */ = {isa = PBXBuildFile; fileRef = 14BA5062286E3BDD0052ACE3 /* IceAndFireApp.swift */; };
		14BA5065286E3BDD0052ACE3 /* MasterView.swift in Sources */ = {isa = PBXBuildFile; fileRef = 14BA5064286E3BDD0052ACE3 /* MasterView.swift */; };
		14BA5067286E3BE20052ACE3 /* Assets.xcassets in Resources */ = {isa = PBXBuildFile; fileRef = 14BA5066286E3BE20052ACE3 /* Assets.xcassets */; };
		14BA506A286E3BE20052ACE3 /* Preview Assets.xcassets in Resources */ = {isa = PBXBuildFile; fileRef = 14BA5069286E3BE20052ACE3 /* Preview Assets.xcassets */; };
		14BA5074286E3BE20052ACE3 /* NetworkServiceTests.swift in Sources */ = {isa = PBXBuildFile; fileRef = 14BA5073286E3BE20052ACE3 /* NetworkServiceTests.swift */; };
		14BA507E286E3BE20052ACE3 /* IceAndFireUITests.swift in Sources */ = {isa = PBXBuildFile; fileRef = 14BA507D286E3BE20052ACE3 /* IceAndFireUITests.swift */; };
		14BA508F286E3DFD0052ACE3 /* House.swift in Sources */ = {isa = PBXBuildFile; fileRef = 14BA508E286E3DFD0052ACE3 /* House.swift */; };
		14BA5092286E41230052ACE3 /* HouseRow.swift in Sources */ = {isa = PBXBuildFile; fileRef = 14BA5091286E41230052ACE3 /* HouseRow.swift */; };
		14BA5094286E4BB30052ACE3 /* HousesList.swift in Sources */ = {isa = PBXBuildFile; fileRef = 14BA5093286E4BB30052ACE3 /* HousesList.swift */; };
		14BA5096286E4F4B0052ACE3 /* MasterViewModel.swift in Sources */ = {isa = PBXBuildFile; fileRef = 14BA5095286E4F4B0052ACE3 /* MasterViewModel.swift */; };
		14BA5098286E50150052ACE3 /* NetworkServiceImpl.swift in Sources */ = {isa = PBXBuildFile; fileRef = 14BA5097286E50150052ACE3 /* NetworkServiceImpl.swift */; };
		14BA509A286E52620052ACE3 /* NetworkService.swift in Sources */ = {isa = PBXBuildFile; fileRef = 14BA5099286E52620052ACE3 /* NetworkService.swift */; };
		14BA509D286E591E0052ACE3 /* APIHouse.swift in Sources */ = {isa = PBXBuildFile; fileRef = 14BA509C286E591E0052ACE3 /* APIHouse.swift */; };
		14BA50A1286ED8250052ACE3 /* Resolver in Frameworks */ = {isa = PBXBuildFile; productRef = 14BA50A0286ED8240052ACE3 /* Resolver */; };
		14BA50A9286EDAA50052ACE3 /* App+Resolver.swift in Sources */ = {isa = PBXBuildFile; fileRef = 14BA50A8286EDAA50052ACE3 /* App+Resolver.swift */; };
		14E1C6D128732FB8003BA726 /* DetailView.swift in Sources */ = {isa = PBXBuildFile; fileRef = 14E1C6D028732FB8003BA726 /* DetailView.swift */; };
/* End PBXBuildFile section */

/* Begin PBXContainerItemProxy section */
		14BA5070286E3BE20052ACE3 /* PBXContainerItemProxy */ = {
			isa = PBXContainerItemProxy;
			containerPortal = 14BA5057286E3BDD0052ACE3 /* Project object */;
			proxyType = 1;
			remoteGlobalIDString = 14BA505E286E3BDD0052ACE3;
			remoteInfo = IceAndFire;
		};
		14BA507A286E3BE20052ACE3 /* PBXContainerItemProxy */ = {
			isa = PBXContainerItemProxy;
			containerPortal = 14BA5057286E3BDD0052ACE3 /* Project object */;
			proxyType = 1;
			remoteGlobalIDString = 14BA505E286E3BDD0052ACE3;
			remoteInfo = IceAndFire;
		};
/* End PBXContainerItemProxy section */

/* Begin PBXFileReference section */
		14030FA12874783100E9018B /* MockURLSession.swift */ = {isa = PBXFileReference; lastKnownFileType = sourcecode.swift; path = MockURLSession.swift; sourceTree = "<group>"; };
		14030FA428747AD100E9018B /* URLSessionProtocol.swift */ = {isa = PBXFileReference; lastKnownFileType = sourcecode.swift; path = URLSessionProtocol.swift; sourceTree = "<group>"; };
		14030FA8287496A600E9018B /* MasterViewModelTests.swift */ = {isa = PBXFileReference; lastKnownFileType = sourcecode.swift; path = MasterViewModelTests.swift; sourceTree = "<group>"; };
		14030FAA287496FD00E9018B /* NetworkServiceMock.swift */ = {isa = PBXFileReference; lastKnownFileType = sourcecode.swift; path = NetworkServiceMock.swift; sourceTree = "<group>"; };
		14030FAD2874B32500E9018B /* AppConfiguration.swift */ = {isa = PBXFileReference; lastKnownFileType = sourcecode.swift; path = AppConfiguration.swift; sourceTree = "<group>"; };
		14030FAF2874B3C200E9018B /* UITestNetworkServiceMock.swift */ = {isa = PBXFileReference; lastKnownFileType = sourcecode.swift; path = UITestNetworkServiceMock.swift; sourceTree = "<group>"; };
		143EE95D28739D240050EB17 /* ActivityIndicator.swift */ = {isa = PBXFileReference; lastKnownFileType = sourcecode.swift; path = ActivityIndicator.swift; sourceTree = "<group>"; };
		14BA505F286E3BDD0052ACE3 /* IceAndFire.app */ = {isa = PBXFileReference; explicitFileType = wrapper.application; includeInIndex = 0; path = IceAndFire.app; sourceTree = BUILT_PRODUCTS_DIR; };
		14BA5062286E3BDD0052ACE3 /* IceAndFireApp.swift */ = {isa = PBXFileReference; lastKnownFileType = sourcecode.swift; path = IceAndFireApp.swift; sourceTree = "<group>"; };
		14BA5064286E3BDD0052ACE3 /* MasterView.swift */ = {isa = PBXFileReference; lastKnownFileType = sourcecode.swift; path = MasterView.swift; sourceTree = "<group>"; };
		14BA5066286E3BE20052ACE3 /* Assets.xcassets */ = {isa = PBXFileReference; lastKnownFileType = folder.assetcatalog; path = Assets.xcassets; sourceTree = "<group>"; };
		14BA5069286E3BE20052ACE3 /* Preview Assets.xcassets */ = {isa = PBXFileReference; lastKnownFileType = folder.assetcatalog; path = "Preview Assets.xcassets"; sourceTree = "<group>"; };
		14BA506F286E3BE20052ACE3 /* IceAndFireTests.xctest */ = {isa = PBXFileReference; explicitFileType = wrapper.cfbundle; includeInIndex = 0; path = IceAndFireTests.xctest; sourceTree = BUILT_PRODUCTS_DIR; };
		14BA5073286E3BE20052ACE3 /* NetworkServiceTests.swift */ = {isa = PBXFileReference; lastKnownFileType = sourcecode.swift; path = NetworkServiceTests.swift; sourceTree = "<group>"; };
		14BA5079286E3BE20052ACE3 /* IceAndFireUITests.xctest */ = {isa = PBXFileReference; explicitFileType = wrapper.cfbundle; includeInIndex = 0; path = IceAndFireUITests.xctest; sourceTree = BUILT_PRODUCTS_DIR; };
		14BA507D286E3BE20052ACE3 /* IceAndFireUITests.swift */ = {isa = PBXFileReference; lastKnownFileType = sourcecode.swift; path = IceAndFireUITests.swift; sourceTree = "<group>"; };
		14BA508E286E3DFD0052ACE3 /* House.swift */ = {isa = PBXFileReference; lastKnownFileType = sourcecode.swift; path = House.swift; sourceTree = "<group>"; };
		14BA5091286E41230052ACE3 /* HouseRow.swift */ = {isa = PBXFileReference; lastKnownFileType = sourcecode.swift; path = HouseRow.swift; sourceTree = "<group>"; };
		14BA5093286E4BB30052ACE3 /* HousesList.swift */ = {isa = PBXFileReference; lastKnownFileType = sourcecode.swift; path = HousesList.swift; sourceTree = "<group>"; };
		14BA5095286E4F4B0052ACE3 /* MasterViewModel.swift */ = {isa = PBXFileReference; lastKnownFileType = sourcecode.swift; path = MasterViewModel.swift; sourceTree = "<group>"; };
		14BA5097286E50150052ACE3 /* NetworkServiceImpl.swift */ = {isa = PBXFileReference; lastKnownFileType = sourcecode.swift; path = NetworkServiceImpl.swift; sourceTree = "<group>"; };
		14BA5099286E52620052ACE3 /* NetworkService.swift */ = {isa = PBXFileReference; lastKnownFileType = sourcecode.swift; path = NetworkService.swift; sourceTree = "<group>"; };
		14BA509C286E591E0052ACE3 /* APIHouse.swift */ = {isa = PBXFileReference; lastKnownFileType = sourcecode.swift; path = APIHouse.swift; sourceTree = "<group>"; };
		14BA50A8286EDAA50052ACE3 /* App+Resolver.swift */ = {isa = PBXFileReference; lastKnownFileType = sourcecode.swift; path = "App+Resolver.swift"; sourceTree = "<group>"; };
		14E1C6D028732FB8003BA726 /* DetailView.swift */ = {isa = PBXFileReference; lastKnownFileType = sourcecode.swift; path = DetailView.swift; sourceTree = "<group>"; };
/* End PBXFileReference section */

/* Begin PBXFrameworksBuildPhase section */
		14BA505C286E3BDD0052ACE3 /* Frameworks */ = {
			isa = PBXFrameworksBuildPhase;
			buildActionMask = 2147483647;
			files = (
				14BA50A1286ED8250052ACE3 /* Resolver in Frameworks */,
			);
			runOnlyForDeploymentPostprocessing = 0;
		};
		14BA506C286E3BE20052ACE3 /* Frameworks */ = {
			isa = PBXFrameworksBuildPhase;
			buildActionMask = 2147483647;
			files = (
			);
			runOnlyForDeploymentPostprocessing = 0;
		};
		14BA5076286E3BE20052ACE3 /* Frameworks */ = {
			isa = PBXFrameworksBuildPhase;
			buildActionMask = 2147483647;
			files = (
			);
			runOnlyForDeploymentPostprocessing = 0;
		};
/* End PBXFrameworksBuildPhase section */

/* Begin PBXGroup section */
		14030FA32874783900E9018B /* Mocks */ = {
			isa = PBXGroup;
			children = (
				14030FA12874783100E9018B /* MockURLSession.swift */,
				14030FAA287496FD00E9018B /* NetworkServiceMock.swift */,
			);
			path = Mocks;
			sourceTree = "<group>";
		};
		14030FA62874967E00E9018B /* ServiceTests */ = {
			isa = PBXGroup;
			children = (
				14BA5073286E3BE20052ACE3 /* NetworkServiceTests.swift */,
			);
			path = ServiceTests;
			sourceTree = "<group>";
		};
		14030FA72874969200E9018B /* ViewModelTests */ = {
			isa = PBXGroup;
			children = (
				14030FA8287496A600E9018B /* MasterViewModelTests.swift */,
			);
			path = ViewModelTests;
			sourceTree = "<group>";
		};
		14030FAC2874B2A100E9018B /* UITest Mocks */ = {
			isa = PBXGroup;
			children = (
				14030FAD2874B32500E9018B /* AppConfiguration.swift */,
				14030FAF2874B3C200E9018B /* UITestNetworkServiceMock.swift */,
			);
			path = "UITest Mocks";
			sourceTree = "<group>";
		};
		143EE95F2873A3BA0050EB17 /* ViewModifier */ = {
			isa = PBXGroup;
			children = (
				143EE95D28739D240050EB17 /* ActivityIndicator.swift */,
			);
			path = ViewModifier;
			sourceTree = "<group>";
		};
		14BA5056286E3BDD0052ACE3 = {
			isa = PBXGroup;
			children = (
				14BA5061286E3BDD0052ACE3 /* IceAndFire */,
				14BA5072286E3BE20052ACE3 /* IceAndFireTests */,
				14BA507C286E3BE20052ACE3 /* IceAndFireUITests */,
				14BA5060286E3BDD0052ACE3 /* Products */,
			);
			sourceTree = "<group>";
		};
		14BA5060286E3BDD0052ACE3 /* Products */ = {
			isa = PBXGroup;
			children = (
				14BA505F286E3BDD0052ACE3 /* IceAndFire.app */,
				14BA506F286E3BE20052ACE3 /* IceAndFireTests.xctest */,
				14BA5079286E3BE20052ACE3 /* IceAndFireUITests.xctest */,
			);
			name = Products;
			sourceTree = "<group>";
		};
		14BA5061286E3BDD0052ACE3 /* IceAndFire */ = {
			isa = PBXGroup;
			children = (
				14BA5062286E3BDD0052ACE3 /* IceAndFireApp.swift */,
				14BA50A8286EDAA50052ACE3 /* App+Resolver.swift */,
				14BA5066286E3BE20052ACE3 /* Assets.xcassets */,
				14BA5090286E40FD0052ACE3 /* UI */,
				14BA508D286E3CF40052ACE3 /* Services */,
				14BA508C286E3CE50052ACE3 /* Model */,
				14030FAC2874B2A100E9018B /* UITest Mocks */,
				14BA5068286E3BE20052ACE3 /* Preview Content */,
			);
			path = IceAndFire;
			sourceTree = "<group>";
		};
		14BA5068286E3BE20052ACE3 /* Preview Content */ = {
			isa = PBXGroup;
			children = (
				14BA5069286E3BE20052ACE3 /* Preview Assets.xcassets */,
			);
			path = "Preview Content";
			sourceTree = "<group>";
		};
		14BA5072286E3BE20052ACE3 /* IceAndFireTests */ = {
			isa = PBXGroup;
			children = (
				14030FA72874969200E9018B /* ViewModelTests */,
				14030FA62874967E00E9018B /* ServiceTests */,
				14030FA32874783900E9018B /* Mocks */,
			);
			path = IceAndFireTests;
			sourceTree = "<group>";
		};
		14BA507C286E3BE20052ACE3 /* IceAndFireUITests */ = {
			isa = PBXGroup;
			children = (
				14BA507D286E3BE20052ACE3 /* IceAndFireUITests.swift */,
			);
			path = IceAndFireUITests;
			sourceTree = "<group>";
		};
		14BA508C286E3CE50052ACE3 /* Model */ = {
			isa = PBXGroup;
			children = (
				14BA509E286E59580052ACE3 /* AppModel */,
				14BA509B286E589F0052ACE3 /* APIModel */,
			);
			path = Model;
			sourceTree = "<group>";
		};
		14BA508D286E3CF40052ACE3 /* Services */ = {
			isa = PBXGroup;
			children = (
				14BA5099286E52620052ACE3 /* NetworkService.swift */,
				14BA5097286E50150052ACE3 /* NetworkServiceImpl.swift */,
				14030FA428747AD100E9018B /* URLSessionProtocol.swift */,
			);
			path = Services;
			sourceTree = "<group>";
		};
		14BA5090286E40FD0052ACE3 /* UI */ = {
			isa = PBXGroup;
			children = (
				14E1C6CE28732F82003BA726 /* MasterView */,
				14E1C6CF28732F90003BA726 /* DetailView */,
				143EE95F2873A3BA0050EB17 /* ViewModifier */,
			);
			path = UI;
			sourceTree = "<group>";
		};
		14BA509B286E589F0052ACE3 /* APIModel */ = {
			isa = PBXGroup;
			children = (
				14BA509C286E591E0052ACE3 /* APIHouse.swift */,
			);
			path = APIModel;
			sourceTree = "<group>";
		};
		14BA509E286E59580052ACE3 /* AppModel */ = {
			isa = PBXGroup;
			children = (
				14BA508E286E3DFD0052ACE3 /* House.swift */,
			);
			path = AppModel;
			sourceTree = "<group>";
		};
		14E1C6CE28732F82003BA726 /* MasterView */ = {
			isa = PBXGroup;
			children = (
				14BA5064286E3BDD0052ACE3 /* MasterView.swift */,
				14BA5095286E4F4B0052ACE3 /* MasterViewModel.swift */,
				14BA5093286E4BB30052ACE3 /* HousesList.swift */,
				14BA5091286E41230052ACE3 /* HouseRow.swift */,
			);
			path = MasterView;
			sourceTree = "<group>";
		};
		14E1C6CF28732F90003BA726 /* DetailView */ = {
			isa = PBXGroup;
			children = (
				14E1C6D028732FB8003BA726 /* DetailView.swift */,
			);
			path = DetailView;
			sourceTree = "<group>";
		};
/* End PBXGroup section */

/* Begin PBXNativeTarget section */
		14BA505E286E3BDD0052ACE3 /* IceAndFire */ = {
			isa = PBXNativeTarget;
			buildConfigurationList = 14BA5083286E3BE20052ACE3 /* Build configuration list for PBXNativeTarget "IceAndFire" */;
			buildPhases = (
				14BA505B286E3BDD0052ACE3 /* Sources */,
				14BA505C286E3BDD0052ACE3 /* Frameworks */,
				14BA505D286E3BDD0052ACE3 /* Resources */,
			);
			buildRules = (
			);
			dependencies = (
			);
			name = IceAndFire;
			packageProductDependencies = (
				14BA50A0286ED8240052ACE3 /* Resolver */,
			);
			productName = IceAndFire;
			productReference = 14BA505F286E3BDD0052ACE3 /* IceAndFire.app */;
			productType = "com.apple.product-type.application";
		};
		14BA506E286E3BE20052ACE3 /* IceAndFireTests */ = {
			isa = PBXNativeTarget;
			buildConfigurationList = 14BA5086286E3BE20052ACE3 /* Build configuration list for PBXNativeTarget "IceAndFireTests" */;
			buildPhases = (
				14BA506B286E3BE20052ACE3 /* Sources */,
				14BA506C286E3BE20052ACE3 /* Frameworks */,
				14BA506D286E3BE20052ACE3 /* Resources */,
			);
			buildRules = (
			);
			dependencies = (
				14BA5071286E3BE20052ACE3 /* PBXTargetDependency */,
			);
			name = IceAndFireTests;
			productName = IceAndFireTests;
			productReference = 14BA506F286E3BE20052ACE3 /* IceAndFireTests.xctest */;
			productType = "com.apple.product-type.bundle.unit-test";
		};
		14BA5078286E3BE20052ACE3 /* IceAndFireUITests */ = {
			isa = PBXNativeTarget;
			buildConfigurationList = 14BA5089286E3BE20052ACE3 /* Build configuration list for PBXNativeTarget "IceAndFireUITests" */;
			buildPhases = (
				14BA5075286E3BE20052ACE3 /* Sources */,
				14BA5076286E3BE20052ACE3 /* Frameworks */,
				14BA5077286E3BE20052ACE3 /* Resources */,
			);
			buildRules = (
			);
			dependencies = (
				14BA507B286E3BE20052ACE3 /* PBXTargetDependency */,
			);
			name = IceAndFireUITests;
			productName = IceAndFireUITests;
			productReference = 14BA5079286E3BE20052ACE3 /* IceAndFireUITests.xctest */;
			productType = "com.apple.product-type.bundle.ui-testing";
		};
/* End PBXNativeTarget section */

/* Begin PBXProject section */
		14BA5057286E3BDD0052ACE3 /* Project object */ = {
			isa = PBXProject;
			attributes = {
				BuildIndependentTargetsInParallel = 1;
				LastSwiftUpdateCheck = 1340;
				LastUpgradeCheck = 1340;
				TargetAttributes = {
					14BA505E286E3BDD0052ACE3 = {
						CreatedOnToolsVersion = 13.4.1;
					};
					14BA506E286E3BE20052ACE3 = {
						CreatedOnToolsVersion = 13.4.1;
						TestTargetID = 14BA505E286E3BDD0052ACE3;
					};
					14BA5078286E3BE20052ACE3 = {
						CreatedOnToolsVersion = 13.4.1;
						TestTargetID = 14BA505E286E3BDD0052ACE3;
					};
				};
			};
			buildConfigurationList = 14BA505A286E3BDD0052ACE3 /* Build configuration list for PBXProject "IceAndFire" */;
			compatibilityVersion = "Xcode 13.0";
			developmentRegion = en;
			hasScannedForEncodings = 0;
			knownRegions = (
				en,
				Base,
			);
			mainGroup = 14BA5056286E3BDD0052ACE3;
			packageReferences = (
				14BA509F286ED8240052ACE3 /* XCRemoteSwiftPackageReference "Resolver" */,
			);
			productRefGroup = 14BA5060286E3BDD0052ACE3 /* Products */;
			projectDirPath = "";
			projectRoot = "";
			targets = (
				14BA505E286E3BDD0052ACE3 /* IceAndFire */,
				14BA506E286E3BE20052ACE3 /* IceAndFireTests */,
				14BA5078286E3BE20052ACE3 /* IceAndFireUITests */,
			);
		};
/* End PBXProject section */

/* Begin PBXResourcesBuildPhase section */
		14BA505D286E3BDD0052ACE3 /* Resources */ = {
			isa = PBXResourcesBuildPhase;
			buildActionMask = 2147483647;
			files = (
				14BA506A286E3BE20052ACE3 /* Preview Assets.xcassets in Resources */,
				14BA5067286E3BE20052ACE3 /* Assets.xcassets in Resources */,
			);
			runOnlyForDeploymentPostprocessing = 0;
		};
		14BA506D286E3BE20052ACE3 /* Resources */ = {
			isa = PBXResourcesBuildPhase;
			buildActionMask = 2147483647;
			files = (
			);
			runOnlyForDeploymentPostprocessing = 0;
		};
		14BA5077286E3BE20052ACE3 /* Resources */ = {
			isa = PBXResourcesBuildPhase;
			buildActionMask = 2147483647;
			files = (
			);
			runOnlyForDeploymentPostprocessing = 0;
		};
/* End PBXResourcesBuildPhase section */

/* Begin PBXSourcesBuildPhase section */
		14BA505B286E3BDD0052ACE3 /* Sources */ = {
			isa = PBXSourcesBuildPhase;
			buildActionMask = 2147483647;
			files = (
				14BA509D286E591E0052ACE3 /* APIHouse.swift in Sources */,
				14BA5065286E3BDD0052ACE3 /* MasterView.swift in Sources */,
				14BA5092286E41230052ACE3 /* HouseRow.swift in Sources */,
				14BA5096286E4F4B0052ACE3 /* MasterViewModel.swift in Sources */,
				143EE95E28739D240050EB17 /* ActivityIndicator.swift in Sources */,
				14BA5094286E4BB30052ACE3 /* HousesList.swift in Sources */,
				14E1C6D128732FB8003BA726 /* DetailView.swift in Sources */,
				14BA5098286E50150052ACE3 /* NetworkServiceImpl.swift in Sources */,
				14030FA528747AD100E9018B /* URLSessionProtocol.swift in Sources */,
				14BA509A286E52620052ACE3 /* NetworkService.swift in Sources */,
				14BA508F286E3DFD0052ACE3 /* House.swift in Sources */,
				14BA5063286E3BDD0052ACE3 /* IceAndFireApp.swift in Sources */,
				14030FAE2874B32500E9018B /* AppConfiguration.swift in Sources */,
				14030FB02874B3C200E9018B /* UITestNetworkServiceMock.swift in Sources */,
				14BA50A9286EDAA50052ACE3 /* App+Resolver.swift in Sources */,
			);
			runOnlyForDeploymentPostprocessing = 0;
		};
		14BA506B286E3BE20052ACE3 /* Sources */ = {
			isa = PBXSourcesBuildPhase;
			buildActionMask = 2147483647;
			files = (
				14030FAB287496FD00E9018B /* NetworkServiceMock.swift in Sources */,
				14030FA22874783100E9018B /* MockURLSession.swift in Sources */,
				14030FA9287496A600E9018B /* MasterViewModelTests.swift in Sources */,
				14BA5074286E3BE20052ACE3 /* NetworkServiceTests.swift in Sources */,
			);
			runOnlyForDeploymentPostprocessing = 0;
		};
		14BA5075286E3BE20052ACE3 /* Sources */ = {
			isa = PBXSourcesBuildPhase;
			buildActionMask = 2147483647;
			files = (
				14030FB12874B62800E9018B /* AppConfiguration.swift in Sources */,
				14BA507E286E3BE20052ACE3 /* IceAndFireUITests.swift in Sources */,
			);
			runOnlyForDeploymentPostprocessing = 0;
		};
/* End PBXSourcesBuildPhase section */

/* Begin PBXTargetDependency section */
		14BA5071286E3BE20052ACE3 /* PBXTargetDependency */ = {
			isa = PBXTargetDependency;
			target = 14BA505E286E3BDD0052ACE3 /* IceAndFire */;
			targetProxy = 14BA5070286E3BE20052ACE3 /* PBXContainerItemProxy */;
		};
		14BA507B286E3BE20052ACE3 /* PBXTargetDependency */ = {
			isa = PBXTargetDependency;
			target = 14BA505E286E3BDD0052ACE3 /* IceAndFire */;
			targetProxy = 14BA507A286E3BE20052ACE3 /* PBXContainerItemProxy */;
		};
/* End PBXTargetDependency section */

/* Begin XCBuildConfiguration section */
		14BA5081286E3BE20052ACE3 /* Debug */ = {
			isa = XCBuildConfiguration;
			buildSettings = {
				ALWAYS_SEARCH_USER_PATHS = NO;
				CLANG_ANALYZER_NONNULL = YES;
				CLANG_ANALYZER_NUMBER_OBJECT_CONVERSION = YES_AGGRESSIVE;
				CLANG_CXX_LANGUAGE_STANDARD = "gnu++17";
				CLANG_ENABLE_MODULES = YES;
				CLANG_ENABLE_OBJC_ARC = YES;
				CLANG_ENABLE_OBJC_WEAK = YES;
				CLANG_WARN_BLOCK_CAPTURE_AUTORELEASING = YES;
				CLANG_WARN_BOOL_CONVERSION = YES;
				CLANG_WARN_COMMA = YES;
				CLANG_WARN_CONSTANT_CONVERSION = YES;
				CLANG_WARN_DEPRECATED_OBJC_IMPLEMENTATIONS = YES;
				CLANG_WARN_DIRECT_OBJC_ISA_USAGE = YES_ERROR;
				CLANG_WARN_DOCUMENTATION_COMMENTS = YES;
				CLANG_WARN_EMPTY_BODY = YES;
				CLANG_WARN_ENUM_CONVERSION = YES;
				CLANG_WARN_INFINITE_RECURSION = YES;
				CLANG_WARN_INT_CONVERSION = YES;
				CLANG_WARN_NON_LITERAL_NULL_CONVERSION = YES;
				CLANG_WARN_OBJC_IMPLICIT_RETAIN_SELF = YES;
				CLANG_WARN_OBJC_LITERAL_CONVERSION = YES;
				CLANG_WARN_OBJC_ROOT_CLASS = YES_ERROR;
				CLANG_WARN_QUOTED_INCLUDE_IN_FRAMEWORK_HEADER = YES;
				CLANG_WARN_RANGE_LOOP_ANALYSIS = YES;
				CLANG_WARN_STRICT_PROTOTYPES = YES;
				CLANG_WARN_SUSPICIOUS_MOVE = YES;
				CLANG_WARN_UNGUARDED_AVAILABILITY = YES_AGGRESSIVE;
				CLANG_WARN_UNREACHABLE_CODE = YES;
				CLANG_WARN__DUPLICATE_METHOD_MATCH = YES;
				COPY_PHASE_STRIP = NO;
				DEBUG_INFORMATION_FORMAT = dwarf;
				ENABLE_STRICT_OBJC_MSGSEND = YES;
				ENABLE_TESTABILITY = YES;
				GCC_C_LANGUAGE_STANDARD = gnu11;
				GCC_DYNAMIC_NO_PIC = NO;
				GCC_NO_COMMON_BLOCKS = YES;
				GCC_OPTIMIZATION_LEVEL = 0;
				GCC_PREPROCESSOR_DEFINITIONS = (
					"DEBUG=1",
					"$(inherited)",
				);
				GCC_WARN_64_TO_32_BIT_CONVERSION = YES;
				GCC_WARN_ABOUT_RETURN_TYPE = YES_ERROR;
				GCC_WARN_UNDECLARED_SELECTOR = YES;
				GCC_WARN_UNINITIALIZED_AUTOS = YES_AGGRESSIVE;
				GCC_WARN_UNUSED_FUNCTION = YES;
				GCC_WARN_UNUSED_VARIABLE = YES;
				IPHONEOS_DEPLOYMENT_TARGET = 15.5;
				MTL_ENABLE_DEBUG_INFO = INCLUDE_SOURCE;
				MTL_FAST_MATH = YES;
				ONLY_ACTIVE_ARCH = YES;
				SDKROOT = iphoneos;
				SWIFT_ACTIVE_COMPILATION_CONDITIONS = DEBUG;
				SWIFT_OPTIMIZATION_LEVEL = "-Onone";
			};
			name = Debug;
		};
		14BA5082286E3BE20052ACE3 /* Release */ = {
			isa = XCBuildConfiguration;
			buildSettings = {
				ALWAYS_SEARCH_USER_PATHS = NO;
				CLANG_ANALYZER_NONNULL = YES;
				CLANG_ANALYZER_NUMBER_OBJECT_CONVERSION = YES_AGGRESSIVE;
				CLANG_CXX_LANGUAGE_STANDARD = "gnu++17";
				CLANG_ENABLE_MODULES = YES;
				CLANG_ENABLE_OBJC_ARC = YES;
				CLANG_ENABLE_OBJC_WEAK = YES;
				CLANG_WARN_BLOCK_CAPTURE_AUTORELEASING = YES;
				CLANG_WARN_BOOL_CONVERSION = YES;
				CLANG_WARN_COMMA = YES;
				CLANG_WARN_CONSTANT_CONVERSION = YES;
				CLANG_WARN_DEPRECATED_OBJC_IMPLEMENTATIONS = YES;
				CLANG_WARN_DIRECT_OBJC_ISA_USAGE = YES_ERROR;
				CLANG_WARN_DOCUMENTATION_COMMENTS = YES;
				CLANG_WARN_EMPTY_BODY = YES;
				CLANG_WARN_ENUM_CONVERSION = YES;
				CLANG_WARN_INFINITE_RECURSION = YES;
				CLANG_WARN_INT_CONVERSION = YES;
				CLANG_WARN_NON_LITERAL_NULL_CONVERSION = YES;
				CLANG_WARN_OBJC_IMPLICIT_RETAIN_SELF = YES;
				CLANG_WARN_OBJC_LITERAL_CONVERSION = YES;
				CLANG_WARN_OBJC_ROOT_CLASS = YES_ERROR;
				CLANG_WARN_QUOTED_INCLUDE_IN_FRAMEWORK_HEADER = YES;
				CLANG_WARN_RANGE_LOOP_ANALYSIS = YES;
				CLANG_WARN_STRICT_PROTOTYPES = YES;
				CLANG_WARN_SUSPICIOUS_MOVE = YES;
				CLANG_WARN_UNGUARDED_AVAILABILITY = YES_AGGRESSIVE;
				CLANG_WARN_UNREACHABLE_CODE = YES;
				CLANG_WARN__DUPLICATE_METHOD_MATCH = YES;
				COPY_PHASE_STRIP = NO;
				DEBUG_INFORMATION_FORMAT = "dwarf-with-dsym";
				ENABLE_NS_ASSERTIONS = NO;
				ENABLE_STRICT_OBJC_MSGSEND = YES;
				GCC_C_LANGUAGE_STANDARD = gnu11;
				GCC_NO_COMMON_BLOCKS = YES;
				GCC_WARN_64_TO_32_BIT_CONVERSION = YES;
				GCC_WARN_ABOUT_RETURN_TYPE = YES_ERROR;
				GCC_WARN_UNDECLARED_SELECTOR = YES;
				GCC_WARN_UNINITIALIZED_AUTOS = YES_AGGRESSIVE;
				GCC_WARN_UNUSED_FUNCTION = YES;
				GCC_WARN_UNUSED_VARIABLE = YES;
				IPHONEOS_DEPLOYMENT_TARGET = 15.5;
				MTL_ENABLE_DEBUG_INFO = NO;
				MTL_FAST_MATH = YES;
				SDKROOT = iphoneos;
				SWIFT_COMPILATION_MODE = wholemodule;
				SWIFT_OPTIMIZATION_LEVEL = "-O";
				VALIDATE_PRODUCT = YES;
			};
			name = Release;
		};
		14BA5084286E3BE20052ACE3 /* Debug */ = {
			isa = XCBuildConfiguration;
			buildSettings = {
				ASSETCATALOG_COMPILER_APPICON_NAME = AppIcon;
				ASSETCATALOG_COMPILER_GLOBAL_ACCENT_COLOR_NAME = AccentColor;
				CODE_SIGN_STYLE = Automatic;
				CURRENT_PROJECT_VERSION = 1;
				DEVELOPMENT_ASSET_PATHS = "\"IceAndFire/Preview Content\"";
				DEVELOPMENT_TEAM = 5S4EB75XY4;
				ENABLE_PREVIEWS = YES;
				GENERATE_INFOPLIST_FILE = YES;
				INFOPLIST_KEY_UIApplicationSceneManifest_Generation = YES;
				INFOPLIST_KEY_UIApplicationSupportsIndirectInputEvents = YES;
				INFOPLIST_KEY_UILaunchScreen_Generation = YES;
				INFOPLIST_KEY_UISupportedInterfaceOrientations_iPad = "UIInterfaceOrientationPortrait UIInterfaceOrientationPortraitUpsideDown UIInterfaceOrientationLandscapeLeft UIInterfaceOrientationLandscapeRight";
				INFOPLIST_KEY_UISupportedInterfaceOrientations_iPhone = "UIInterfaceOrientationPortrait UIInterfaceOrientationLandscapeLeft UIInterfaceOrientationLandscapeRight";
				LD_RUNPATH_SEARCH_PATHS = (
					"$(inherited)",
					"@executable_path/Frameworks",
				);
				MARKETING_VERSION = 1.0;
				PRODUCT_BUNDLE_IDENTIFIER = de.dbarchmann.IceAndFire;
				PRODUCT_NAME = "$(TARGET_NAME)";
				SWIFT_EMIT_LOC_STRINGS = YES;
				SWIFT_VERSION = 5.0;
				TARGETED_DEVICE_FAMILY = 1;
			};
			name = Debug;
		};
		14BA5085286E3BE20052ACE3 /* Release */ = {
			isa = XCBuildConfiguration;
			buildSettings = {
				ASSETCATALOG_COMPILER_APPICON_NAME = AppIcon;
				ASSETCATALOG_COMPILER_GLOBAL_ACCENT_COLOR_NAME = AccentColor;
				CODE_SIGN_STYLE = Automatic;
				CURRENT_PROJECT_VERSION = 1;
				DEVELOPMENT_ASSET_PATHS = "\"IceAndFire/Preview Content\"";
				DEVELOPMENT_TEAM = 5S4EB75XY4;
				ENABLE_PREVIEWS = YES;
				GENERATE_INFOPLIST_FILE = YES;
				INFOPLIST_KEY_UIApplicationSceneManifest_Generation = YES;
				INFOPLIST_KEY_UIApplicationSupportsIndirectInputEvents = YES;
				INFOPLIST_KEY_UILaunchScreen_Generation = YES;
				INFOPLIST_KEY_UISupportedInterfaceOrientations_iPad = "UIInterfaceOrientationPortrait UIInterfaceOrientationPortraitUpsideDown UIInterfaceOrientationLandscapeLeft UIInterfaceOrientationLandscapeRight";
				INFOPLIST_KEY_UISupportedInterfaceOrientations_iPhone = "UIInterfaceOrientationPortrait UIInterfaceOrientationLandscapeLeft UIInterfaceOrientationLandscapeRight";
				LD_RUNPATH_SEARCH_PATHS = (
					"$(inherited)",
					"@executable_path/Frameworks",
				);
				MARKETING_VERSION = 1.0;
				PRODUCT_BUNDLE_IDENTIFIER = de.dbarchmann.IceAndFire;
				PRODUCT_NAME = "$(TARGET_NAME)";
				SWIFT_EMIT_LOC_STRINGS = YES;
				SWIFT_VERSION = 5.0;
				TARGETED_DEVICE_FAMILY = 1;
			};
			name = Release;
		};
		14BA5087286E3BE20052ACE3 /* Debug */ = {
			isa = XCBuildConfiguration;
			buildSettings = {
				ALWAYS_EMBED_SWIFT_STANDARD_LIBRARIES = YES;
				BUNDLE_LOADER = "$(TEST_HOST)";
				CODE_SIGN_STYLE = Automatic;
				CURRENT_PROJECT_VERSION = 1;
				DEVELOPMENT_TEAM = XKQMZJ6CQG;
				GENERATE_INFOPLIST_FILE = YES;
				IPHONEOS_DEPLOYMENT_TARGET = 15.5;
				MARKETING_VERSION = 1.0;
				PRODUCT_BUNDLE_IDENTIFIER = de.dbarchmann.IceAndFireTests;
				PRODUCT_NAME = "$(TARGET_NAME)";
				SWIFT_EMIT_LOC_STRINGS = NO;
				SWIFT_VERSION = 5.0;
				TARGETED_DEVICE_FAMILY = "1,2";
				TEST_HOST = "$(BUILT_PRODUCTS_DIR)/IceAndFire.app/IceAndFire";
			};
			name = Debug;
		};
		14BA5088286E3BE20052ACE3 /* Release */ = {
			isa = XCBuildConfiguration;
			buildSettings = {
				ALWAYS_EMBED_SWIFT_STANDARD_LIBRARIES = YES;
				BUNDLE_LOADER = "$(TEST_HOST)";
				CODE_SIGN_STYLE = Automatic;
				CURRENT_PROJECT_VERSION = 1;
				DEVELOPMENT_TEAM = XKQMZJ6CQG;
				GENERATE_INFOPLIST_FILE = YES;
				IPHONEOS_DEPLOYMENT_TARGET = 15.5;
				MARKETING_VERSION = 1.0;
				PRODUCT_BUNDLE_IDENTIFIER = de.dbarchmann.IceAndFireTests;
				PRODUCT_NAME = "$(TARGET_NAME)";
				SWIFT_EMIT_LOC_STRINGS = NO;
				SWIFT_VERSION = 5.0;
				TARGETED_DEVICE_FAMILY = "1,2";
				TEST_HOST = "$(BUILT_PRODUCTS_DIR)/IceAndFire.app/IceAndFire";
			};
			name = Release;
		};
		14BA508A286E3BE20052ACE3 /* Debug */ = {
			isa = XCBuildConfiguration;
			buildSettings = {
				ALWAYS_EMBED_SWIFT_STANDARD_LIBRARIES = YES;
				CODE_SIGN_STYLE = Automatic;
				CURRENT_PROJECT_VERSION = 1;
				DEVELOPMENT_TEAM = XKQMZJ6CQG;
				GENERATE_INFOPLIST_FILE = YES;
				MARKETING_VERSION = 1.0;
				PRODUCT_BUNDLE_IDENTIFIER = de.dbarchmann.IceAndFireUITests;
				PRODUCT_NAME = "$(TARGET_NAME)";
				SWIFT_EMIT_LOC_STRINGS = NO;
				SWIFT_VERSION = 5.0;
				TARGETED_DEVICE_FAMILY = "1,2";
				TEST_TARGET_NAME = IceAndFire;
			};
			name = Debug;
		};
		14BA508B286E3BE20052ACE3 /* Release */ = {
			isa = XCBuildConfiguration;
			buildSettings = {
				ALWAYS_EMBED_SWIFT_STANDARD_LIBRARIES = YES;
				CODE_SIGN_STYLE = Automatic;
				CURRENT_PROJECT_VERSION = 1;
				DEVELOPMENT_TEAM = XKQMZJ6CQG;
				GENERATE_INFOPLIST_FILE = YES;
				MARKETING_VERSION = 1.0;
				PRODUCT_BUNDLE_IDENTIFIER = de.dbarchmann.IceAndFireUITests;
				PRODUCT_NAME = "$(TARGET_NAME)";
				SWIFT_EMIT_LOC_STRINGS = NO;
				SWIFT_VERSION = 5.0;
				TARGETED_DEVICE_FAMILY = "1,2";
				TEST_TARGET_NAME = IceAndFire;
			};
			name = Release;
		};
/* End XCBuildConfiguration section */

/* Begin XCConfigurationList section */
		14BA505A286E3BDD0052ACE3 /* Build configuration list for PBXProject "IceAndFire" */ = {
			isa = XCConfigurationList;
			buildConfigurations = (
				14BA5081286E3BE20052ACE3 /* Debug */,
				14BA5082286E3BE20052ACE3 /* Release */,
			);
			defaultConfigurationIsVisible = 0;
			defaultConfigurationName = Release;
		};
		14BA5083286E3BE20052ACE3 /* Build configuration list for PBXNativeTarget "IceAndFire" */ = {
			isa = XCConfigurationList;
			buildConfigurations = (
				14BA5084286E3BE20052ACE3 /* Debug */,
				14BA5085286E3BE20052ACE3 /* Release */,
			);
			defaultConfigurationIsVisible = 0;
			defaultConfigurationName = Release;
		};
		14BA5086286E3BE20052ACE3 /* Build configuration list for PBXNativeTarget "IceAndFireTests" */ = {
			isa = XCConfigurationList;
			buildConfigurations = (
				14BA5087286E3BE20052ACE3 /* Debug */,
				14BA5088286E3BE20052ACE3 /* Release */,
			);
			defaultConfigurationIsVisible = 0;
			defaultConfigurationName = Release;
		};
		14BA5089286E3BE20052ACE3 /* Build configuration list for PBXNativeTarget "IceAndFireUITests" */ = {
			isa = XCConfigurationList;
			buildConfigurations = (
				14BA508A286E3BE20052ACE3 /* Debug */,
				14BA508B286E3BE20052ACE3 /* Release */,
			);
			defaultConfigurationIsVisible = 0;
			defaultConfigurationName = Release;
		};
/* End XCConfigurationList section */

/* Begin XCRemoteSwiftPackageReference section */
		14BA509F286ED8240052ACE3 /* XCRemoteSwiftPackageReference "Resolver" */ = {
			isa = XCRemoteSwiftPackageReference;
			repositoryURL = "https://github.com/hmlongco/Resolver";
			requirement = {
				kind = exactVersion;
				version = 1.5.0;
			};
		};
/* End XCRemoteSwiftPackageReference section */

/* Begin XCSwiftPackageProductDependency section */
		14BA50A0286ED8240052ACE3 /* Resolver */ = {
			isa = XCSwiftPackageProductDependency;
			package = 14BA509F286ED8240052ACE3 /* XCRemoteSwiftPackageReference "Resolver" */;
			productName = Resolver;
		};
/* End XCSwiftPackageProductDependency section */
	};
	rootObject = 14BA5057286E3BDD0052ACE3 /* Project object */;
}
